{
  "name": "c182rg-improvement-project",
  "version": "0.0.0",
  "lockfileVersion": 3,
  "requires": true,
  "packages": {
    "": {
      "name": "c182rg-improvement-project",
      "version": "0.0.0",
      "license": "MIT",
      "devDependencies": {
        "@microsoft/msfs-sdk": "^0.4.0"
      }
    },
    "node_modules/@microsoft/msfs-sdk": {
      "version": "0.4.0",
      "resolved": "https://registry.npmjs.org/@microsoft/msfs-sdk/-/msfs-sdk-0.4.0.tgz",
      "integrity": "sha512-4smFS43ry/gJKke5O4ahNPvTSX8ynB5uST3HCKsEZDrwR3y7ruknasxRay4+XRPv1gyXkGZZuy98NhwPCftF4A==",
      "dev": true
    }
  }
}
